
Microsoft Visual Studio Solution File, Format Version 12.00
# Visual Studio Version 17
VisualStudioVersion = 17.9.34310.174
MinimumVisualStudioVersion = 10.0.40219.1
Project("{FAE04EC0-301F-11D3-BF4B-00C04F79EFBC}") = "BlazorStripePayment", "BlazorStripePayment\BlazorStripePayment.csproj", "{452A337A-5150-45FE-8A87-F02837B48C12}"
EndProject
Global
	GlobalSection(SolutionConfigurationPlatforms) = preSolution
		Debug|Any CPU = Debug|Any CPU
		Release|Any CPU = Release|Any CPU
	EndGlobalSection
	GlobalSection(ProjectConfigurationPlatforms) = postSolution
		{452A337A-5150-45FE-8A87-F02837B48C12}.Debug|Any CPU.ActiveCfg = Debug|Any CPU
		{452A337A-5150-45FE-8A87-F02837B48C12}.Debug|Any CPU.Build.0 = Debug|Any CPU
		{452A337A-5150-45FE-8A87-F02837B48C12}.Release|Any CPU.ActiveCfg = Release|Any CPU
		{452A337A-5150-45FE-8A87-F02837B48C12}.Release|Any CPU.Build.0 = Release|Any CPU
	EndGlobalSection
	GlobalSection(SolutionProperties) = preSolution
		HideSolutionNode = FALSE
	EndGlobalSection
	GlobalSection(ExtensibilityGlobals) = postSolution
		SolutionGuid = {218D2B64-B87F-414A-9681-BC14495F40BF}
	EndGlobalSection
EndGlobal
